
Microsoft Visual Studio Solution File, Format Version 12.00
# Visual Studio Version 16
VisualStudioVersion = 16.0.31702.278
MinimumVisualStudioVersion = 10.0.40219.1
Project("{FAE04EC0-301F-11D3-BF4B-00C04F79EFBC}") = "FizzBuzzTheGame", "FizzBuzzTheGame\FizzBuzzTheGame.csproj", "{385088DD-BD39-4CEC-9432-041178FF2905}"
EndProject
Global
	GlobalSection(SolutionConfigurationPlatforms) = preSolution
		Debug|Any CPU = Debug|Any CPU
		Release|Any CPU = Release|Any CPU
	EndGlobalSection
	GlobalSection(ProjectConfigurationPlatforms) = postSolution
		{385088DD-BD39-4CEC-9432-041178FF2905}.Debug|Any CPU.ActiveCfg = Debug|Any CPU
		{385088DD-BD39-4CEC-9432-041178FF2905}.Debug|Any CPU.Build.0 = Debug|Any CPU
		{385088DD-BD39-4CEC-9432-041178FF2905}.Release|Any CPU.ActiveCfg = Release|Any CPU
		{385088DD-BD39-4CEC-9432-041178FF2905}.Release|Any CPU.Build.0 = Release|Any CPU
	EndGlobalSection
	GlobalSection(SolutionProperties) = preSolution
		HideSolutionNode = FALSE
	EndGlobalSection
	GlobalSection(ExtensibilityGlobals) = postSolution
		SolutionGuid = {0C671C82-D4F0-4884-84E0-68D7B4D4ED1F}
	EndGlobalSection
EndGlobal
